
Microsoft Visual Studio Solution File, Format Version 12.00
# Visual Studio Version 17
VisualStudioVersion = 17.10.35122.118
MinimumVisualStudioVersion = 10.0.40219.1
Project("{FAE04EC0-301F-11D3-BF4B-00C04F79EFBC}") = "ClassessApp", "ClassessApp\ClassessApp.csproj", "{53627E2D-4ECF-4D8F-8A68-91929D15027B}"
EndProject
Global
	GlobalSection(SolutionConfigurationPlatforms) = preSolution
		Debug|Any CPU = Debug|Any CPU
		Release|Any CPU = Release|Any CPU
	EndGlobalSection
	GlobalSection(ProjectConfigurationPlatforms) = postSolution
		{53627E2D-4ECF-4D8F-8A68-91929D15027B}.Debug|Any CPU.ActiveCfg = Debug|Any CPU
		{53627E2D-4ECF-4D8F-8A68-91929D15027B}.Debug|Any CPU.Build.0 = Debug|Any CPU
		{53627E2D-4ECF-4D8F-8A68-91929D15027B}.Release|Any CPU.ActiveCfg = Release|Any CPU
		{53627E2D-4ECF-4D8F-8A68-91929D15027B}.Release|Any CPU.Build.0 = Release|Any CPU
	EndGlobalSection
	GlobalSection(SolutionProperties) = preSolution
		HideSolutionNode = FALSE
	EndGlobalSection
	GlobalSection(ExtensibilityGlobals) = postSolution
		SolutionGuid = {A7751853-8AAD-4900-9D7F-B79E204D0931}
	EndGlobalSection
EndGlobal
